[[package]]
name = "atomicwrites"
version = "1.4.0"
description = "Atomic file writes."
category = "dev"
optional = false
python-versions = ">=2.7, !=3.0.*, !=3.1.*, !=3.2.*, !=3.3.*"

[[package]]
name = "attrs"
version = "21.2.0"
description = "Classes Without Boilerplate"
category = "dev"
optional = false
python-versions = ">=2.7, !=3.0.*, !=3.1.*, !=3.2.*, !=3.3.*, !=3.4.*"

[package.extras]
dev = ["coverage[toml] (>=5.0.2)", "hypothesis", "pympler", "pytest (>=4.3.0)", "six", "mypy", "pytest-mypy-plugins", "zope.interface", "furo", "sphinx", "sphinx-notfound-page", "pre-commit"]
docs = ["furo", "sphinx", "zope.interface", "sphinx-notfound-page"]
tests = ["coverage[toml] (>=5.0.2)", "hypothesis", "pympler", "pytest (>=4.3.0)", "six", "mypy", "pytest-mypy-plugins", "zope.interface"]
tests_no_zope = ["coverage[toml] (>=5.0.2)", "hypothesis", "pympler", "pytest (>=4.3.0)", "six", "mypy", "pytest-mypy-plugins"]

[[package]]
name = "colorama"
version = "0.4.4"
description = "Cross-platform colored terminal text."
category = "dev"
optional = false
python-versions = ">=2.7, !=3.0.*, !=3.1.*, !=3.2.*, !=3.3.*, !=3.4.*"

[[package]]
name = "coverage"
version = "5.5"
description = "Code coverage measurement for Python"
category = "dev"
optional = false
python-versions = ">=2.7, !=3.0.*, !=3.1.*, !=3.2.*, !=3.3.*, !=3.4.*, <4"

[package.extras]
toml = ["toml"]

[[package]]
name = "importlib-metadata"
version = "4.6.1"
description = "Read metadata from Python packages"
category = "dev"
optional = false
python-versions = ">=3.6"

[package.dependencies]
typing-extensions = {version = ">=3.6.4", markers = "python_version < \"3.8\""}
zipp = ">=0.5"

[package.extras]
docs = ["sphinx", "jaraco.packaging (>=8.2)", "rst.linker (>=1.9)"]
perf = ["ipython"]
testing = ["pytest (>=4.6)", "pytest-checkdocs (>=2.4)", "pytest-flake8", "pytest-cov", "pytest-enabler (>=1.0.1)", "packaging", "pep517", "pyfakefs", "flufl.flake8", "pytest-perf (>=0.9.2)", "pytest-black (>=0.3.7)", "pytest-mypy", "importlib-resources (>=1.3)"]

[[package]]
name = "iniconfig"
version = "1.1.1"
description = "iniconfig: brain-dead simple config-ini parsing"
category = "dev"
optional = false
python-versions = "*"

[[package]]
name = "numpy"
version = "1.21.1"
description = "NumPy is the fundamental package for array computing with Python."
category = "main"
optional = false
python-versions = ">=3.7"

[[package]]
name = "packaging"
version = "21.0"
description = "Core utilities for Python packages"
category = "dev"
optional = false
python-versions = ">=3.6"

[package.dependencies]
pyparsing = ">=2.0.2"

[[package]]
name = "pandas"
version = "1.3.0"
description = "Powerful data structures for data analysis, time series, and statistics"
category = "main"
optional = false
python-versions = ">=3.7.1"

[package.dependencies]
numpy = ">=1.17.3"
python-dateutil = ">=2.7.3"
pytz = ">=2017.3"

[package.extras]
test = ["hypothesis (>=3.58)", "pytest (>=6.0)", "pytest-xdist"]

[[package]]
name = "pluggy"
version = "0.13.1"
description = "plugin and hook calling mechanisms for python"
category = "dev"
optional = false
python-versions = ">=2.7, !=3.0.*, !=3.1.*, !=3.2.*, !=3.3.*"

[package.dependencies]
importlib-metadata = {version = ">=0.12", markers = "python_version < \"3.8\""}

[package.extras]
dev = ["pre-commit", "tox"]

[[package]]
name = "py"
version = "1.10.0"
description = "library with cross-python path, ini-parsing, io, code, log facilities"
category = "dev"
optional = false
python-versions = ">=2.7, !=3.0.*, !=3.1.*, !=3.2.*, !=3.3.*"

[[package]]
name = "pyedflib"
version = "0.1.22"
description = "library to read/write EDF+/BDF+ files"
category = "main"
optional = false
python-versions = "*"

[package.dependencies]
numpy = ">=1.9.1"

[[package]]
name = "pyparsing"
version = "2.4.7"
description = "Python parsing module"
category = "dev"
optional = false
python-versions = ">=2.6, !=3.0.*, !=3.1.*, !=3.2.*"

[[package]]
name = "pytest"
version = "6.2.4"
description = "pytest: simple powerful testing with Python"
category = "dev"
optional = false
python-versions = ">=3.6"

[package.dependencies]
atomicwrites = {version = ">=1.0", markers = "sys_platform == \"win32\""}
attrs = ">=19.2.0"
colorama = {version = "*", markers = "sys_platform == \"win32\""}
importlib-metadata = {version = ">=0.12", markers = "python_version < \"3.8\""}
iniconfig = "*"
packaging = "*"
pluggy = ">=0.12,<1.0.0a1"
py = ">=1.8.2"
toml = "*"

[package.extras]
testing = ["argcomplete", "hypothesis (>=3.56)", "mock", "nose", "requests", "xmlschema"]

[[package]]
name = "python-dateutil"
version = "2.8.2"
description = "Extensions to the standard Python datetime module"
category = "main"
optional = false
python-versions = "!=3.0.*,!=3.1.*,!=3.2.*,>=2.7"

[package.dependencies]
six = ">=1.5"

[[package]]
name = "pytz"
version = "2021.1"
description = "World timezone definitions, modern and historical"
category = "main"
optional = false
python-versions = "*"

[[package]]
name = "six"
version = "1.16.0"
description = "Python 2 and 3 compatibility utilities"
category = "main"
optional = false
python-versions = ">=2.7, !=3.0.*, !=3.1.*, !=3.2.*"

[[package]]
name = "toml"
version = "0.10.2"
description = "Python Library for Tom's Obvious, Minimal Language"
category = "dev"
optional = false
python-versions = ">=2.6, !=3.0.*, !=3.1.*, !=3.2.*"

[[package]]
name = "typing-extensions"
version = "3.10.0.0"
description = "Backported and Experimental Type Hints for Python 3.5+"
category = "dev"
optional = false
python-versions = "*"

[[package]]
name = "zipp"
version = "3.5.0"
description = "Backport of pathlib-compatible object wrapper for zip files"
category = "dev"
optional = false
python-versions = ">=3.6"

[package.extras]
docs = ["sphinx", "jaraco.packaging (>=8.2)", "rst.linker (>=1.9)"]
testing = ["pytest (>=4.6)", "pytest-checkdocs (>=2.4)", "pytest-flake8", "pytest-cov", "pytest-enabler (>=1.0.1)", "jaraco.itertools", "func-timeout", "pytest-black (>=0.3.7)", "pytest-mypy"]

[metadata]
lock-version = "1.1"
python-versions = "^3.7.1"
content-hash = "8cf765ad1fefa9bc7ca423049f5b5d04272a0997e37f25b9f610487f54bba6c1"

[metadata.files]
atomicwrites = [
    {file = "atomicwrites-1.4.0-py2.py3-none-any.whl", hash = "sha256:6d1784dea7c0c8d4a5172b6c620f40b6e4cbfdf96d783691f2e1302a7b88e197"},
    {file = "atomicwrites-1.4.0.tar.gz", hash = "sha256:ae70396ad1a434f9c7046fd2dd196fc04b12f9e91ffb859164193be8b6168a7a"},
]
attrs = [
    {file = "attrs-21.2.0-py2.py3-none-any.whl", hash = "sha256:149e90d6d8ac20db7a955ad60cf0e6881a3f20d37096140088356da6c716b0b1"},
    {file = "attrs-21.2.0.tar.gz", hash = "sha256:ef6aaac3ca6cd92904cdd0d83f629a15f18053ec84e6432106f7a4d04ae4f5fb"},
]
colorama = [
    {file = "colorama-0.4.4-py2.py3-none-any.whl", hash = "sha256:9f47eda37229f68eee03b24b9748937c7dc3868f906e8ba69fbcbdd3bc5dc3e2"},
    {file = "colorama-0.4.4.tar.gz", hash = "sha256:5941b2b48a20143d2267e95b1c2a7603ce057ee39fd88e7329b0c292aa16869b"},
]
coverage = [
    {file = "coverage-5.5-cp27-cp27m-macosx_10_9_x86_64.whl", hash = "sha256:b6d534e4b2ab35c9f93f46229363e17f63c53ad01330df9f2d6bd1187e5eaacf"},
    {file = "coverage-5.5-cp27-cp27m-manylinux1_i686.whl", hash = "sha256:b7895207b4c843c76a25ab8c1e866261bcfe27bfaa20c192de5190121770672b"},
    {file = "coverage-5.5-cp27-cp27m-manylinux1_x86_64.whl", hash = "sha256:c2723d347ab06e7ddad1a58b2a821218239249a9e4365eaff6649d31180c1669"},
    {file = "coverage-5.5-cp27-cp27m-manylinux2010_i686.whl", hash = "sha256:900fbf7759501bc7807fd6638c947d7a831fc9fdf742dc10f02956ff7220fa90"},
    {file = "coverage-5.5-cp27-cp27m-manylinux2010_x86_64.whl", hash = "sha256:004d1880bed2d97151facef49f08e255a20ceb6f9432df75f4eef018fdd5a78c"},
    {file = "coverage-5.5-cp27-cp27m-win32.whl", hash = "sha256:06191eb60f8d8a5bc046f3799f8a07a2d7aefb9504b0209aff0b47298333302a"},
    {file = "coverage-5.5-cp27-cp27m-win_amd64.whl", hash = "sha256:7501140f755b725495941b43347ba8a2777407fc7f250d4f5a7d2a1050ba8e82"},
    {file = "coverage-5.5-cp27-cp27mu-manylinux1_i686.whl", hash = "sha256:372da284cfd642d8e08ef606917846fa2ee350f64994bebfbd3afb0040436905"},
    {file = "coverage-5.5-cp27-cp27mu-manylinux1_x86_64.whl", hash = "sha256:8963a499849a1fc54b35b1c9f162f4108017b2e6db2c46c1bed93a72262ed083"},
    {file = "coverage-5.5-cp27-cp27mu-manylinux2010_i686.whl", hash = "sha256:869a64f53488f40fa5b5b9dcb9e9b2962a66a87dab37790f3fcfb5144b996ef5"},
    {file = "coverage-5.5-cp27-cp27mu-manylinux2010_x86_64.whl", hash = "sha256:4a7697d8cb0f27399b0e393c0b90f0f1e40c82023ea4d45d22bce7032a5d7b81"},
    {file = "coverage-5.5-cp310-cp310-macosx_10_14_x86_64.whl", hash = "sha256:8d0a0725ad7c1a0bcd8d1b437e191107d457e2ec1084b9f190630a4fb1af78e6"},
    {file = "coverage-5.5-cp310-cp310-manylinux1_x86_64.whl", hash = "sha256:51cb9476a3987c8967ebab3f0fe144819781fca264f57f89760037a2ea191cb0"},
    {file = "coverage-5.5-cp310-cp310-win_amd64.whl", hash = "sha256:c0891a6a97b09c1f3e073a890514d5012eb256845c451bd48f7968ef939bf4ae"},
    {file = "coverage-5.5-cp35-cp35m-macosx_10_9_x86_64.whl", hash = "sha256:3487286bc29a5aa4b93a072e9592f22254291ce96a9fbc5251f566b6b7343cdb"},
    {file = "coverage-5.5-cp35-cp35m-manylinux1_i686.whl", hash = "sha256:deee1077aae10d8fa88cb02c845cfba9b62c55e1183f52f6ae6a2df6a2187160"},
    {file = "coverage-5.5-cp35-cp35m-manylinux1_x86_64.whl", hash = "sha256:f11642dddbb0253cc8853254301b51390ba0081750a8ac03f20ea8103f0c56b6"},
    {file = "coverage-5.5-cp35-cp35m-manylinux2010_i686.whl", hash = "sha256:6c90e11318f0d3c436a42409f2749ee1a115cd8b067d7f14c148f1ce5574d701"},
    {file = "coverage-5.5-cp35-cp35m-manylinux2010_x86_64.whl", hash = "sha256:30c77c1dc9f253283e34c27935fded5015f7d1abe83bc7821680ac444eaf7793"},
    {file = "coverage-5.5-cp35-cp35m-win32.whl", hash = "sha256:9a1ef3b66e38ef8618ce5fdc7bea3d9f45f3624e2a66295eea5e57966c85909e"},
    {file = "coverage-5.5-cp35-cp35m-win_amd64.whl", hash = "sha256:972c85d205b51e30e59525694670de6a8a89691186012535f9d7dbaa230e42c3"},
    {file = "coverage-5.5-cp36-cp36m-macosx_10_9_x86_64.whl", hash = "sha256:af0e781009aaf59e25c5a678122391cb0f345ac0ec272c7961dc5455e1c40066"},
    {file = "coverage-5.5-cp36-cp36m-manylinux1_i686.whl", hash = "sha256:74d881fc777ebb11c63736622b60cb9e4aee5cace591ce274fb69e582a12a61a"},
    {file = "coverage-5.5-cp36-cp36m-manylinux1_x86_64.whl", hash = "sha256:92b017ce34b68a7d67bd6d117e6d443a9bf63a2ecf8567bb3d8c6c7bc5014465"},
    {file = "coverage-5.5-cp36-cp36m-manylinux2010_i686.whl", hash = "sha256:d636598c8305e1f90b439dbf4f66437de4a5e3c31fdf47ad29542478c8508bbb"},
    {file = "coverage-5.5-cp36-cp36m-manylinux2010_x86_64.whl", hash = "sha256:41179b8a845742d1eb60449bdb2992196e211341818565abded11cfa90efb821"},
    {file = "coverage-5.5-cp36-cp36m-win32.whl", hash = "sha256:040af6c32813fa3eae5305d53f18875bedd079960822ef8ec067a66dd8afcd45"},
    {file = "coverage-5.5-cp36-cp36m-win_amd64.whl", hash = "sha256:5fec2d43a2cc6965edc0bb9e83e1e4b557f76f843a77a2496cbe719583ce8184"},
    {file = "coverage-5.5-cp37-cp37m-macosx_10_9_x86_64.whl", hash = "sha256:18ba8bbede96a2c3dde7b868de9dcbd55670690af0988713f0603f037848418a"},
    {file = "coverage-5.5-cp37-cp37m-manylinux1_i686.whl", hash = "sha256:2910f4d36a6a9b4214bb7038d537f015346f413a975d57ca6b43bf23d6563b53"},
    {file = "coverage-5.5-cp37-cp37m-manylinux1_x86_64.whl", hash = "sha256:f0b278ce10936db1a37e6954e15a3730bea96a0997c26d7fee88e6c396c2086d"},
    {file = "coverage-5.5-cp37-cp37m-manylinux2010_i686.whl", hash = "sha256:796c9c3c79747146ebd278dbe1e5c5c05dd6b10cc3bcb8389dfdf844f3ead638"},
    {file = "coverage-5.5-cp37-cp37m-manylinux2010_x86_64.whl", hash = "sha256:53194af30d5bad77fcba80e23a1441c71abfb3e01192034f8246e0d8f99528f3"},
    {file = "coverage-5.5-cp37-cp37m-win32.whl", hash = "sha256:184a47bbe0aa6400ed2d41d8e9ed868b8205046518c52464fde713ea06e3a74a"},
    {file = "coverage-5.5-cp37-cp37m-win_amd64.whl", hash = "sha256:2949cad1c5208b8298d5686d5a85b66aae46d73eec2c3e08c817dd3513e5848a"},
    {file = "coverage-5.5-cp38-cp38-macosx_10_9_x86_64.whl", hash = "sha256:217658ec7187497e3f3ebd901afdca1af062b42cfe3e0dafea4cced3983739f6"},
    {file = "coverage-5.5-cp38-cp38-manylinux1_i686.whl", hash = "sha256:1aa846f56c3d49205c952d8318e76ccc2ae23303351d9270ab220004c580cfe2"},
    {file = "coverage-5.5-cp38-cp38-manylinux1_x86_64.whl", hash = "sha256:24d4a7de75446be83244eabbff746d66b9240ae020ced65d060815fac3423759"},
    {file = "coverage-5.5-cp38-cp38-manylinux2010_i686.whl", hash = "sha256:d1f8bf7b90ba55699b3a5e44930e93ff0189aa27186e96071fac7dd0d06a1873"},
    {file = "coverage-5.5-cp38-cp38-manylinux2010_x86_64.whl", hash = "sha256:970284a88b99673ccb2e4e334cfb38a10aab7cd44f7457564d11898a74b62d0a"},
    {file = "coverage-5.5-cp38-cp38-win32.whl", hash = "sha256:01d84219b5cdbfc8122223b39a954820929497a1cb1422824bb86b07b74594b6"},
    {file = "coverage-5.5-cp38-cp38-win_amd64.whl", hash = "sha256:2e0d881ad471768bf6e6c2bf905d183543f10098e3b3640fc029509530091502"},
    {file = "coverage-5.5-cp39-cp39-macosx_10_9_x86_64.whl", hash = "sha256:d1f9ce122f83b2305592c11d64f181b87153fc2c2bbd3bb4a3dde8303cfb1a6b"},
    {file = "coverage-5.5-cp39-cp39-manylinux1_i686.whl", hash = "sha256:13c4ee887eca0f4c5a247b75398d4114c37882658300e153113dafb1d76de529"},
    {file = "coverage-5.5-cp39-cp39-manylinux1_x86_64.whl", hash = "sha256:52596d3d0e8bdf3af43db3e9ba8dcdaac724ba7b5ca3f6358529d56f7a166f8b"},
    {file = "coverage-5.5-cp39-cp39-manylinux2010_i686.whl", hash = "sha256:2cafbbb3af0733db200c9b5f798d18953b1a304d3f86a938367de1567f4b5bff"},
    {file = "coverage-5.5-cp39-cp39-manylinux2010_x86_64.whl", hash = "sha256:44d654437b8ddd9eee7d1eaee28b7219bec228520ff809af170488fd2fed3e2b"},
    {file = "coverage-5.5-cp39-cp39-win32.whl", hash = "sha256:d314ed732c25d29775e84a960c3c60808b682c08d86602ec2c3008e1202e3bb6"},
    {file = "coverage-5.5-cp39-cp39-win_amd64.whl", hash = "sha256:13034c4409db851670bc9acd836243aeee299949bd5673e11844befcb0149f03"},
    {file = "coverage-5.5-pp36-none-any.whl", hash = "sha256:f030f8873312a16414c0d8e1a1ddff2d3235655a2174e3648b4fa66b3f2f1079"},
    {file = "coverage-5.5-pp37-none-any.whl", hash = "sha256:2a3859cb82dcbda1cfd3e6f71c27081d18aa251d20a17d87d26d4cd216fb0af4"},
    {file = "coverage-5.5.tar.gz", hash = "sha256:ebe78fe9a0e874362175b02371bdfbee64d8edc42a044253ddf4ee7d3c15212c"},
]
importlib-metadata = [
    {file = "importlib_metadata-4.6.1-py3-none-any.whl", hash = "sha256:9f55f560e116f8643ecf2922d9cd3e1c7e8d52e683178fecd9d08f6aa357e11e"},
    {file = "importlib_metadata-4.6.1.tar.gz", hash = "sha256:079ada16b7fc30dfbb5d13399a5113110dab1aa7c2bc62f66af75f0b717c8cac"},
]
iniconfig = [
    {file = "iniconfig-1.1.1-py2.py3-none-any.whl", hash = "sha256:011e24c64b7f47f6ebd835bb12a743f2fbe9a26d4cecaa7f53bc4f35ee9da8b3"},
    {file = "iniconfig-1.1.1.tar.gz", hash = "sha256:bc3af051d7d14b2ee5ef9969666def0cd1a000e121eaea580d4a313df4b37f32"},
]
numpy = [
    {file = "numpy-1.21.1-cp37-cp37m-macosx_10_9_x86_64.whl", hash = "sha256:38e8648f9449a549a7dfe8d8755a5979b45b3538520d1e735637ef28e8c2dc50"},
    {file = "numpy-1.21.1-cp37-cp37m-manylinux_2_12_i686.manylinux2010_i686.whl", hash = "sha256:fd7d7409fa643a91d0a05c7554dd68aa9c9bb16e186f6ccfe40d6e003156e33a"},
    {file = "numpy-1.21.1-cp37-cp37m-manylinux_2_12_x86_64.manylinux2010_x86_64.whl", hash = "sha256:a75b4498b1e93d8b700282dc8e655b8bd559c0904b3910b144646dbbbc03e062"},
    {file = "numpy-1.21.1-cp37-cp37m-manylinux_2_17_aarch64.manylinux2014_aarch64.whl", hash = "sha256:1412aa0aec3e00bc23fbb8664d76552b4efde98fb71f60737c83efbac24112f1"},
    {file = "numpy-1.21.1-cp37-cp37m-manylinux_2_5_i686.manylinux1_i686.whl", hash = "sha256:e46ceaff65609b5399163de5893d8f2a82d3c77d5e56d976c8b5fb01faa6b671"},
    {file = "numpy-1.21.1-cp37-cp37m-manylinux_2_5_x86_64.manylinux1_x86_64.whl", hash = "sha256:c6a2324085dd52f96498419ba95b5777e40b6bcbc20088fddb9e8cbb58885e8e"},
    {file = "numpy-1.21.1-cp37-cp37m-win32.whl", hash = "sha256:73101b2a1fef16602696d133db402a7e7586654682244344b8329cdcbbb82172"},
    {file = "numpy-1.21.1-cp37-cp37m-win_amd64.whl", hash = "sha256:7a708a79c9a9d26904d1cca8d383bf869edf6f8e7650d85dbc77b041e8c5a0f8"},
    {file = "numpy-1.21.1-cp38-cp38-macosx_10_9_universal2.whl", hash = "sha256:95b995d0c413f5d0428b3f880e8fe1660ff9396dcd1f9eedbc311f37b5652e16"},
    {file = "numpy-1.21.1-cp38-cp38-macosx_10_9_x86_64.whl", hash = "sha256:635e6bd31c9fb3d475c8f44a089569070d10a9ef18ed13738b03049280281267"},
    {file = "numpy-1.21.1-cp38-cp38-macosx_11_0_arm64.whl", hash = "sha256:4a3d5fb89bfe21be2ef47c0614b9c9c707b7362386c9a3ff1feae63e0267ccb6"},
    {file = "numpy-1.21.1-cp38-cp38-manylinux_2_12_i686.manylinux2010_i686.whl", hash = "sha256:8a326af80e86d0e9ce92bcc1e65c8ff88297de4fa14ee936cb2293d414c9ec63"},
    {file = "numpy-1.21.1-cp38-cp38-manylinux_2_12_x86_64.manylinux2010_x86_64.whl", hash = "sha256:791492091744b0fe390a6ce85cc1bf5149968ac7d5f0477288f78c89b385d9af"},
    {file = "numpy-1.21.1-cp38-cp38-manylinux_2_17_aarch64.manylinux2014_aarch64.whl", hash = "sha256:0318c465786c1f63ac05d7c4dbcecd4d2d7e13f0959b01b534ea1e92202235c5"},
    {file = "numpy-1.21.1-cp38-cp38-manylinux_2_5_i686.manylinux1_i686.whl", hash = "sha256:9a513bd9c1551894ee3d31369f9b07460ef223694098cf27d399513415855b68"},
    {file = "numpy-1.21.1-cp38-cp38-manylinux_2_5_x86_64.manylinux1_x86_64.whl", hash = "sha256:91c6f5fc58df1e0a3cc0c3a717bb3308ff850abdaa6d2d802573ee2b11f674a8"},
    {file = "numpy-1.21.1-cp38-cp38-win32.whl", hash = "sha256:978010b68e17150db8765355d1ccdd450f9fc916824e8c4e35ee620590e234cd"},
    {file = "numpy-1.21.1-cp38-cp38-win_amd64.whl", hash = "sha256:9749a40a5b22333467f02fe11edc98f022133ee1bfa8ab99bda5e5437b831214"},
    {file = "numpy-1.21.1-cp39-cp39-macosx_10_9_universal2.whl", hash = "sha256:d7a4aeac3b94af92a9373d6e77b37691b86411f9745190d2c351f410ab3a791f"},
    {file = "numpy-1.21.1-cp39-cp39-macosx_10_9_x86_64.whl", hash = "sha256:d9e7912a56108aba9b31df688a4c4f5cb0d9d3787386b87d504762b6754fbb1b"},
    {file = "numpy-1.21.1-cp39-cp39-macosx_11_0_arm64.whl", hash = "sha256:25b40b98ebdd272bc3020935427a4530b7d60dfbe1ab9381a39147834e985eac"},
    {file = "numpy-1.21.1-cp39-cp39-manylinux_2_12_i686.manylinux2010_i686.whl", hash = "sha256:8a92c5aea763d14ba9d6475803fc7904bda7decc2a0a68153f587ad82941fec1"},
    {file = "numpy-1.21.1-cp39-cp39-manylinux_2_12_x86_64.manylinux2010_x86_64.whl", hash = "sha256:05a0f648eb28bae4bcb204e6fd14603de2908de982e761a2fc78efe0f19e96e1"},
    {file = "numpy-1.21.1-cp39-cp39-manylinux_2_17_aarch64.manylinux2014_aarch64.whl", hash = "sha256:f01f28075a92eede918b965e86e8f0ba7b7797a95aa8d35e1cc8821f5fc3ad6a"},
    {file = "numpy-1.21.1-cp39-cp39-win32.whl", hash = "sha256:88c0b89ad1cc24a5efbb99ff9ab5db0f9a86e9cc50240177a571fbe9c2860ac2"},
    {file = "numpy-1.21.1-cp39-cp39-win_amd64.whl", hash = "sha256:01721eefe70544d548425a07c80be8377096a54118070b8a62476866d5208e33"},
    {file = "numpy-1.21.1-pp37-pypy37_pp73-manylinux_2_12_x86_64.manylinux2010_x86_64.whl", hash = "sha256:2d4d1de6e6fb3d28781c73fbde702ac97f03d79e4ffd6598b880b2d95d62ead4"},
    {file = "numpy-1.21.1.zip", hash = "sha256:dff4af63638afcc57a3dfb9e4b26d434a7a602d225b42d746ea7fe2edf1342fd"},
]
packaging = [
    {file = "packaging-21.0-py3-none-any.whl", hash = "sha256:c86254f9220d55e31cc94d69bade760f0847da8000def4dfe1c6b872fd14ff14"},
    {file = "packaging-21.0.tar.gz", hash = "sha256:7dc96269f53a4ccec5c0670940a4281106dd0bb343f47b7471f779df49c2fbe7"},
]
pandas = [
    {file = "pandas-1.3.0-cp37-cp37m-macosx_10_9_x86_64.whl", hash = "sha256:c81b8d91e9ae861eb4406b4e0f8d4dabbc105b9c479b3d1e921fba1d35b5b62a"},
    {file = "pandas-1.3.0-cp37-cp37m-manylinux_2_17_aarch64.manylinux2014_aarch64.whl", hash = "sha256:08eeff3da6a188e24db7f292b39a8ca9e073bf841fbbeadb946b3ad5c19d843e"},
    {file = "pandas-1.3.0-cp37-cp37m-manylinux_2_5_i686.manylinux1_i686.whl", hash = "sha256:88864c1e28353b958b1f30e4193818519624ad9a1776921622a6a2a016d5d807"},
    {file = "pandas-1.3.0-cp37-cp37m-manylinux_2_5_x86_64.manylinux1_x86_64.whl", hash = "sha256:872aa91e0f9ca913046ab639d4181a899f5e592030d954d28c2529b88756a736"},
    {file = "pandas-1.3.0-cp37-cp37m-win32.whl", hash = "sha256:92835113a67cbd34747c198d41f09f4b63f6fe11ca5643baebc7ab1e30e89e95"},
    {file = "pandas-1.3.0-cp37-cp37m-win_amd64.whl", hash = "sha256:7d3cd2c99faa94d717ca00ea489264a291ad7209453dffbf059bfb7971fd3a61"},
    {file = "pandas-1.3.0-cp38-cp38-macosx_10_9_x86_64.whl", hash = "sha256:823737830364d0e2af8c3912a28ba971296181a07950873492ed94e12d28c405"},
    {file = "pandas-1.3.0-cp38-cp38-manylinux_2_17_aarch64.manylinux2014_aarch64.whl", hash = "sha256:c746876cdd8380be0c3e70966d4566855901ac9aaa5e4b9ccaa5ca5311457d11"},
    {file = "pandas-1.3.0-cp38-cp38-manylinux_2_5_i686.manylinux1_i686.whl", hash = "sha256:fe7a549d10ca534797095586883a5c17d140d606747591258869c56e14d1b457"},
    {file = "pandas-1.3.0-cp38-cp38-manylinux_2_5_x86_64.manylinux1_x86_64.whl", hash = "sha256:f058c786e7b0a9e7fa5e0b9f4422e0ccdd3bf3aa3053c18d77ed2a459bd9a45a"},
    {file = "pandas-1.3.0-cp38-cp38-win32.whl", hash = "sha256:98efc2d4983d5bb47662fe2d97b2c81b91566cb08b266490918b9c7d74a5ef64"},
    {file = "pandas-1.3.0-cp38-cp38-win_amd64.whl", hash = "sha256:e6b75091fa54a53db3927b4d1bc997c23c5ba6f87acdfe1ee5a92c38c6b2ed6a"},
    {file = "pandas-1.3.0-cp39-cp39-macosx_10_9_x86_64.whl", hash = "sha256:1ff13eed501e07e7fb26a4ea18a846b6e5d7de549b497025601fd9ccb7c1d123"},
    {file = "pandas-1.3.0-cp39-cp39-manylinux_2_17_aarch64.manylinux2014_aarch64.whl", hash = "sha256:798675317d0e4863a92a9a6bc5bd2490b5f6fef8c17b95f29e2e33f28bef9eca"},
    {file = "pandas-1.3.0-cp39-cp39-manylinux_2_5_i686.manylinux1_i686.whl", hash = "sha256:ed4fc66f23fe17c93a5d439230ca2d6b5f8eac7154198d327dbe8a16d98f3f10"},
    {file = "pandas-1.3.0-cp39-cp39-manylinux_2_5_x86_64.manylinux1_x86_64.whl", hash = "sha256:522bfea92f3ef6207cadc7428bda1e7605dae0383b8065030e7b5d0266717b48"},
    {file = "pandas-1.3.0-cp39-cp39-win32.whl", hash = "sha256:7897326cae660eee69d501cbfa950281a193fcf407393965e1bc07448e1cc35a"},
    {file = "pandas-1.3.0-cp39-cp39-win_amd64.whl", hash = "sha256:b10d7910ae9d7920a5ff7816d794d99acbc361f7b16a0f017d4fa83ced8cb55e"},
    {file = "pandas-1.3.0.tar.gz", hash = "sha256:c554e6c9cf2d5ea1aba5979cc837b3649539ced0e18ece186f055450c86622e2"},
]
pluggy = [
    {file = "pluggy-0.13.1-py2.py3-none-any.whl", hash = "sha256:966c145cd83c96502c3c3868f50408687b38434af77734af1e9ca461a4081d2d"},
    {file = "pluggy-0.13.1.tar.gz", hash = "sha256:15b2acde666561e1298d71b523007ed7364de07029219b604cf808bfa1c765b0"},
]
py = [
    {file = "py-1.10.0-py2.py3-none-any.whl", hash = "sha256:3b80836aa6d1feeaa108e046da6423ab8f6ceda6468545ae8d02d9d58d18818a"},
    {file = "py-1.10.0.tar.gz", hash = "sha256:21b81bda15b66ef5e1a777a21c4dcd9c20ad3efd0b3f817e7a809035269e1bd3"},
]
pyedflib = [
    {file = "pyEDFlib-0.1.22-cp36-cp36m-win32.whl", hash = "sha256:f10c73b6a7c7306beaa431cb96acc513760f95818b38cba71ca796021ae58e30"},
    {file = "pyEDFlib-0.1.22-cp36-cp36m-win_amd64.whl", hash = "sha256:2167129b865f3940d0ce3cce3b28f80970b8d7189098ac545df10d5902204fa3"},
    {file = "pyEDFlib-0.1.22-cp37-cp37m-win32.whl", hash = "sha256:ee921b235225bfa9d7599228c33c5789746e227bb72b08fffb7539e35f82fb79"},
    {file = "pyEDFlib-0.1.22-cp37-cp37m-win_amd64.whl", hash = "sha256:4eeef47b8b60f578fd585b9bdd9432717382505f61997cf8272f8c6c7a7f8d42"},
    {file = "pyEDFlib-0.1.22-cp38-cp38-win32.whl", hash = "sha256:7a0dd830ae983f58d4cf0a8e59ff98208f3e475b970fcdb9fd6775608653c53c"},
    {file = "pyEDFlib-0.1.22-cp38-cp38-win_amd64.whl", hash = "sha256:bdfc9ba714da4db139e3209960504344f396f91af02bd4c5b8948c1a214f642d"},
    {file = "pyEDFlib-0.1.22-cp39-cp39-win32.whl", hash = "sha256:dbf1d6983d09e6a425dc572d6674f83539cc26502f1cd362d12975c6f53d3174"},
    {file = "pyEDFlib-0.1.22-cp39-cp39-win_amd64.whl", hash = "sha256:b61c68e78d63f494ef287354912b94543ab03a7682d257514bd41ed522e036ee"},
    {file = "pyEDFlib-0.1.22.tar.gz", hash = "sha256:a78dc945e631f33a490d790aed5f70a7f23ae8bd54d1ef19de9ddd0eee796d94"},
]
pyparsing = [
    {file = "pyparsing-2.4.7-py2.py3-none-any.whl", hash = "sha256:ef9d7589ef3c200abe66653d3f1ab1033c3c419ae9b9bdb1240a85b024efc88b"},
    {file = "pyparsing-2.4.7.tar.gz", hash = "sha256:c203ec8783bf771a155b207279b9bccb8dea02d8f0c9e5f8ead507bc3246ecc1"},
]
pytest = [
    {file = "pytest-6.2.4-py3-none-any.whl", hash = "sha256:91ef2131a9bd6be8f76f1f08eac5c5317221d6ad1e143ae03894b862e8976890"},
    {file = "pytest-6.2.4.tar.gz", hash = "sha256:50bcad0a0b9c5a72c8e4e7c9855a3ad496ca6a881a3641b4260605450772c54b"},
]
python-dateutil = [
    {file = "python-dateutil-2.8.2.tar.gz", hash = "sha256:0123cacc1627ae19ddf3c27a5de5bd67ee4586fbdd6440d9748f8abb483d3e86"},
    {file = "python_dateutil-2.8.2-py2.py3-none-any.whl", hash = "sha256:961d03dc3453ebbc59dbdea9e4e11c5651520a876d0f4db161e8674aae935da9"},
]
pytz = [
    {file = "pytz-2021.1-py2.py3-none-any.whl", hash = "sha256:eb10ce3e7736052ed3623d49975ce333bcd712c7bb19a58b9e2089d4057d0798"},
    {file = "pytz-2021.1.tar.gz", hash = "sha256:83a4a90894bf38e243cf052c8b58f381bfe9a7a483f6a9cab140bc7f702ac4da"},
]
six = [
    {file = "six-1.16.0-py2.py3-none-any.whl", hash = "sha256:8abb2f1d86890a2dfb989f9a77cfcfd3e47c2a354b01111771326f8aa26e0254"},
    {file = "six-1.16.0.tar.gz", hash = "sha256:1e61c37477a1626458e36f7b1d82aa5c9b094fa4802892072e49de9c60c4c926"},
]
toml = [
    {file = "toml-0.10.2-py2.py3-none-any.whl", hash = "sha256:806143ae5bfb6a3c6e736a764057db0e6a0e05e338b5630894a5f779cabb4f9b"},
    {file = "toml-0.10.2.tar.gz", hash = "sha256:b3bda1d108d5dd99f4a20d24d9c348e91c4db7ab1b749200bded2f839ccbe68f"},
]
typing-extensions = [
    {file = "typing_extensions-3.10.0.0-py2-none-any.whl", hash = "sha256:0ac0f89795dd19de6b97debb0c6af1c70987fd80a2d62d1958f7e56fcc31b497"},
    {file = "typing_extensions-3.10.0.0-py3-none-any.whl", hash = "sha256:779383f6086d90c99ae41cf0ff39aac8a7937a9283ce0a414e5dd782f4c94a84"},
    {file = "typing_extensions-3.10.0.0.tar.gz", hash = "sha256:50b6f157849174217d0656f99dc82fe932884fb250826c18350e159ec6cdf342"},
]
zipp = [
    {file = "zipp-3.5.0-py3-none-any.whl", hash = "sha256:957cfda87797e389580cb8b9e3870841ca991e2125350677b2ca83a0e99390a3"},
    {file = "zipp-3.5.0.tar.gz", hash = "sha256:f5812b1e007e48cff63449a5e9f4e7ebea716b4111f9c4f9a645f91d579bf0c4"},
]
